
Microsoft Visual Studio Solution File, Format Version 12.00
# Visual Studio Version 16
VisualStudioVersion = 16.0.30114.105
MinimumVisualStudioVersion = 10.0.40219.1
Project("{FAE04EC0-301F-11D3-BF4B-00C04F79EFBC}") = "SchoolApi", "SchoolApi\SchoolApi.csproj", "{835D633F-A830-4607-87A9-8ED0D42A5648}"
EndProject
Project("{FAE04EC0-301F-11D3-BF4B-00C04F79EFBC}") = "SchoolContracts", "SchoolContracts\SchoolContracts.csproj", "{A46D3E54-FA9E-4C24-A939-5CF5CFE9100E}"
EndProject
Project("{FAE04EC0-301F-11D3-BF4B-00C04F79EFBC}") = "SchoolModel", "SchoolModel\SchoolModel.csproj", "{B4CB4C8D-EB12-4443-9AD2-912BB3BA4531}"
EndProject
Project("{FAE04EC0-301F-11D3-BF4B-00C04F79EFBC}") = "SchoolRepositories", "SchoolRepositories\SchoolRepositories.csproj", "{AC89AB8C-7538-45F1-A272-836A75841ADD}"
EndProject
Project("{FAE04EC0-301F-11D3-BF4B-00C04F79EFBC}") = "SchoolServices", "SchoolServices\SchoolServices.csproj", "{5D404BA5-22C5-4D4B-9EF8-05C1B9DECE74}"
EndProject
Project("{FAE04EC0-301F-11D3-BF4B-00C04F79EFBC}") = "SchoolTests", "SchoolTests\SchoolTests.csproj", "{C7884B5B-3E6C-48F9-999A-3DA170A66A52}"
EndProject
Project("{FAE04EC0-301F-11D3-BF4B-00C04F79EFBC}") = "Challenge2", "Challenge2\Challenge2.csproj", "{31E659BB-01A8-4132-BF20-4C88B4546E66}"
EndProject
Project("{FAE04EC0-301F-11D3-BF4B-00C04F79EFBC}") = "Challenge2Tests", "Challenge2Tests\Challenge2Tests.csproj", "{7EE9205F-AE66-4B01-B5C2-9CCC601A38B2}"
EndProject
Project("{2150E333-8FDC-42A3-9474-1A3956D46DE8}") = "Challenge2", "Challenge2", "{6D6A4060-B2B4-11EC-8CBF-0F5715A98763}"
EndProject
Project("{2150E333-8FDC-42A3-9474-1A3956D46DE8}") = "School", "School", "{705EC840-B2B4-11EC-8CBF-0F5715A98763}"
EndProject
Global
	GlobalSection(SolutionConfigurationPlatforms) = preSolution
		Debug|Any CPU = Debug|Any CPU
		Release|Any CPU = Release|Any CPU
	EndGlobalSection
	GlobalSection(SolutionProperties) = preSolution
		HideSolutionNode = FALSE
	EndGlobalSection
	GlobalSection(ProjectConfigurationPlatforms) = postSolution
		{835D633F-A830-4607-87A9-8ED0D42A5648}.Debug|Any CPU.ActiveCfg = Debug|Any CPU
		{835D633F-A830-4607-87A9-8ED0D42A5648}.Debug|Any CPU.Build.0 = Debug|Any CPU
		{835D633F-A830-4607-87A9-8ED0D42A5648}.Release|Any CPU.ActiveCfg = Release|Any CPU
		{835D633F-A830-4607-87A9-8ED0D42A5648}.Release|Any CPU.Build.0 = Release|Any CPU
		{A46D3E54-FA9E-4C24-A939-5CF5CFE9100E}.Debug|Any CPU.ActiveCfg = Debug|Any CPU
		{A46D3E54-FA9E-4C24-A939-5CF5CFE9100E}.Debug|Any CPU.Build.0 = Debug|Any CPU
		{A46D3E54-FA9E-4C24-A939-5CF5CFE9100E}.Release|Any CPU.ActiveCfg = Release|Any CPU
		{A46D3E54-FA9E-4C24-A939-5CF5CFE9100E}.Release|Any CPU.Build.0 = Release|Any CPU
		{B4CB4C8D-EB12-4443-9AD2-912BB3BA4531}.Debug|Any CPU.ActiveCfg = Debug|Any CPU
		{B4CB4C8D-EB12-4443-9AD2-912BB3BA4531}.Debug|Any CPU.Build.0 = Debug|Any CPU
		{B4CB4C8D-EB12-4443-9AD2-912BB3BA4531}.Release|Any CPU.ActiveCfg = Release|Any CPU
		{B4CB4C8D-EB12-4443-9AD2-912BB3BA4531}.Release|Any CPU.Build.0 = Release|Any CPU
		{AC89AB8C-7538-45F1-A272-836A75841ADD}.Debug|Any CPU.ActiveCfg = Debug|Any CPU
		{AC89AB8C-7538-45F1-A272-836A75841ADD}.Debug|Any CPU.Build.0 = Debug|Any CPU
		{AC89AB8C-7538-45F1-A272-836A75841ADD}.Release|Any CPU.ActiveCfg = Release|Any CPU
		{AC89AB8C-7538-45F1-A272-836A75841ADD}.Release|Any CPU.Build.0 = Release|Any CPU
		{5D404BA5-22C5-4D4B-9EF8-05C1B9DECE74}.Debug|Any CPU.ActiveCfg = Debug|Any CPU
		{5D404BA5-22C5-4D4B-9EF8-05C1B9DECE74}.Debug|Any CPU.Build.0 = Debug|Any CPU
		{5D404BA5-22C5-4D4B-9EF8-05C1B9DECE74}.Release|Any CPU.ActiveCfg = Release|Any CPU
		{5D404BA5-22C5-4D4B-9EF8-05C1B9DECE74}.Release|Any CPU.Build.0 = Release|Any CPU
		{C7884B5B-3E6C-48F9-999A-3DA170A66A52}.Debug|Any CPU.ActiveCfg = Debug|Any CPU
		{C7884B5B-3E6C-48F9-999A-3DA170A66A52}.Debug|Any CPU.Build.0 = Debug|Any CPU
		{C7884B5B-3E6C-48F9-999A-3DA170A66A52}.Release|Any CPU.ActiveCfg = Release|Any CPU
		{C7884B5B-3E6C-48F9-999A-3DA170A66A52}.Release|Any CPU.Build.0 = Release|Any CPU
		{31E659BB-01A8-4132-BF20-4C88B4546E66}.Debug|Any CPU.ActiveCfg = Debug|Any CPU
		{31E659BB-01A8-4132-BF20-4C88B4546E66}.Debug|Any CPU.Build.0 = Debug|Any CPU
		{31E659BB-01A8-4132-BF20-4C88B4546E66}.Release|Any CPU.ActiveCfg = Release|Any CPU
		{31E659BB-01A8-4132-BF20-4C88B4546E66}.Release|Any CPU.Build.0 = Release|Any CPU
		{7EE9205F-AE66-4B01-B5C2-9CCC601A38B2}.Debug|Any CPU.ActiveCfg = Debug|Any CPU
		{7EE9205F-AE66-4B01-B5C2-9CCC601A38B2}.Debug|Any CPU.Build.0 = Debug|Any CPU
		{7EE9205F-AE66-4B01-B5C2-9CCC601A38B2}.Release|Any CPU.ActiveCfg = Release|Any CPU
		{7EE9205F-AE66-4B01-B5C2-9CCC601A38B2}.Release|Any CPU.Build.0 = Release|Any CPU
	EndGlobalSection
	GlobalSection(NestedProjects) = preSolution
		{C7884B5B-3E6C-48F9-999A-3DA170A66A52} = {705EC840-B2B4-11EC-8CBF-0F5715A98763}
		{5D404BA5-22C5-4D4B-9EF8-05C1B9DECE74} = {705EC840-B2B4-11EC-8CBF-0F5715A98763}
		{AC89AB8C-7538-45F1-A272-836A75841ADD} = {705EC840-B2B4-11EC-8CBF-0F5715A98763}
		{B4CB4C8D-EB12-4443-9AD2-912BB3BA4531} = {705EC840-B2B4-11EC-8CBF-0F5715A98763}
		{A46D3E54-FA9E-4C24-A939-5CF5CFE9100E} = {705EC840-B2B4-11EC-8CBF-0F5715A98763}
		{835D633F-A830-4607-87A9-8ED0D42A5648} = {705EC840-B2B4-11EC-8CBF-0F5715A98763}
		{7EE9205F-AE66-4B01-B5C2-9CCC601A38B2} = {6D6A4060-B2B4-11EC-8CBF-0F5715A98763}
		{31E659BB-01A8-4132-BF20-4C88B4546E66} = {6D6A4060-B2B4-11EC-8CBF-0F5715A98763}
	EndGlobalSection
EndGlobal
